
Microsoft Visual Studio Solution File, Format Version 12.00
# Visual Studio 15
VisualStudioVersion = 15.0.28307.421
MinimumVisualStudioVersion = 10.0.40219.1
Project("{FAE04EC0-301F-11D3-BF4B-00C04F79EFBC}") = "Panacea.Interop", "Panacea.Interop\Panacea.Interop.csproj", "{5A610AB8-B06C-4D05-BA92-2FD337D698C8}"
EndProject
Project("{FAE04EC0-301F-11D3-BF4B-00C04F79EFBC}") = "Panacea.Interop.Tests", "Panacea.Interop.Tests\Panacea.Interop.Tests.csproj", "{9F354BD7-6247-4B10-918D-EC931863E917}"
EndProject
Global
	GlobalSection(SolutionConfigurationPlatforms) = preSolution
		Debug|Any CPU = Debug|Any CPU
		Release|Any CPU = Release|Any CPU
	EndGlobalSection
	GlobalSection(ProjectConfigurationPlatforms) = postSolution
		{5A610AB8-B06C-4D05-BA92-2FD337D698C8}.Debug|Any CPU.ActiveCfg = Debug|Any CPU
		{5A610AB8-B06C-4D05-BA92-2FD337D698C8}.Debug|Any CPU.Build.0 = Debug|Any CPU
		{5A610AB8-B06C-4D05-BA92-2FD337D698C8}.Release|Any CPU.ActiveCfg = Release|Any CPU
		{5A610AB8-B06C-4D05-BA92-2FD337D698C8}.Release|Any CPU.Build.0 = Release|Any CPU
		{9F354BD7-6247-4B10-918D-EC931863E917}.Debug|Any CPU.ActiveCfg = Debug|Any CPU
		{9F354BD7-6247-4B10-918D-EC931863E917}.Debug|Any CPU.Build.0 = Debug|Any CPU
		{9F354BD7-6247-4B10-918D-EC931863E917}.Release|Any CPU.ActiveCfg = Release|Any CPU
		{9F354BD7-6247-4B10-918D-EC931863E917}.Release|Any CPU.Build.0 = Release|Any CPU
	EndGlobalSection
	GlobalSection(SolutionProperties) = preSolution
		HideSolutionNode = FALSE
	EndGlobalSection
	GlobalSection(ExtensibilityGlobals) = postSolution
		SolutionGuid = {CF2B83A2-230B-409B-9A4B-467498CB9854}
	EndGlobalSection
EndGlobal
